
Microsoft Visual Studio Solution File, Format Version 12.00
# Visual Studio Version 17
VisualStudioVersion = 17.7.34031.279
MinimumVisualStudioVersion = 10.0.40219.1
Project("{FAE04EC0-301F-11D3-BF4B-00C04F79EFBC}") = "Solvro Backend", "Solvro Backend\Solvro Backend.csproj", "{B7D5043B-4938-4A4B-900B-551A4112F74D}"
EndProject
Global
	GlobalSection(SolutionConfigurationPlatforms) = preSolution
		Debug|Any CPU = Debug|Any CPU
		Release|Any CPU = Release|Any CPU
	EndGlobalSection
	GlobalSection(ProjectConfigurationPlatforms) = postSolution
		{B7D5043B-4938-4A4B-900B-551A4112F74D}.Debug|Any CPU.ActiveCfg = Debug|Any CPU
		{B7D5043B-4938-4A4B-900B-551A4112F74D}.Debug|Any CPU.Build.0 = Debug|Any CPU
		{B7D5043B-4938-4A4B-900B-551A4112F74D}.Release|Any CPU.ActiveCfg = Release|Any CPU
		{B7D5043B-4938-4A4B-900B-551A4112F74D}.Release|Any CPU.Build.0 = Release|Any CPU
	EndGlobalSection
	GlobalSection(SolutionProperties) = preSolution
		HideSolutionNode = FALSE
	EndGlobalSection
	GlobalSection(ExtensibilityGlobals) = postSolution
		SolutionGuid = {F0880E5A-6822-4EF8-B1D0-C83A0FACFF2E}
	EndGlobalSection
EndGlobal
